
Microsoft Visual Studio Solution File, Format Version 12.00
# Visual Studio 15
VisualStudioVersion = 15.0.28010.2003
MinimumVisualStudioVersion = 10.0.40219.1
Project("{FAE04EC0-301F-11D3-BF4B-00C04F79EFBC}") = "Far Manager", "Far Manager.csproj", "{2634BC3F-E035-4BCF-8CE8-D76997DFA892}"
EndProject
Global
	GlobalSection(SolutionConfigurationPlatforms) = preSolution
		Debug|Any CPU = Debug|Any CPU
		Release|Any CPU = Release|Any CPU
	EndGlobalSection
	GlobalSection(ProjectConfigurationPlatforms) = postSolution
		{2634BC3F-E035-4BCF-8CE8-D76997DFA892}.Debug|Any CPU.ActiveCfg = Debug|Any CPU
		{2634BC3F-E035-4BCF-8CE8-D76997DFA892}.Debug|Any CPU.Build.0 = Debug|Any CPU
		{2634BC3F-E035-4BCF-8CE8-D76997DFA892}.Release|Any CPU.ActiveCfg = Release|Any CPU
		{2634BC3F-E035-4BCF-8CE8-D76997DFA892}.Release|Any CPU.Build.0 = Release|Any CPU
	EndGlobalSection
	GlobalSection(SolutionProperties) = preSolution
		HideSolutionNode = FALSE
	EndGlobalSection
	GlobalSection(ExtensibilityGlobals) = postSolution
		SolutionGuid = {906751CE-3166-46F6-9F6E-FDF2B8013B5A}
	EndGlobalSection
EndGlobal
